
Microsoft Visual Studio Solution File, Format Version 12.00
# Visual Studio Version 17
VisualStudioVersion = 17.1.32421.90
MinimumVisualStudioVersion = 10.0.40219.1
Project("{FAE04EC0-301F-11D3-BF4B-00C04F79EFBC}") = "Estudando", "Estudando\Estudando.csproj", "{42A3DB44-18B3-4A98-BF74-3B7BE9A6A364}"
EndProject
Global
	GlobalSection(SolutionConfigurationPlatforms) = preSolution
		Debug|Any CPU = Debug|Any CPU
		Release|Any CPU = Release|Any CPU
	EndGlobalSection
	GlobalSection(ProjectConfigurationPlatforms) = postSolution
		{42A3DB44-18B3-4A98-BF74-3B7BE9A6A364}.Debug|Any CPU.ActiveCfg = Debug|Any CPU
		{42A3DB44-18B3-4A98-BF74-3B7BE9A6A364}.Debug|Any CPU.Build.0 = Debug|Any CPU
		{42A3DB44-18B3-4A98-BF74-3B7BE9A6A364}.Release|Any CPU.ActiveCfg = Release|Any CPU
		{42A3DB44-18B3-4A98-BF74-3B7BE9A6A364}.Release|Any CPU.Build.0 = Release|Any CPU
	EndGlobalSection
	GlobalSection(SolutionProperties) = preSolution
		HideSolutionNode = FALSE
	EndGlobalSection
	GlobalSection(ExtensibilityGlobals) = postSolution
		SolutionGuid = {E063F498-F485-4B0E-AA64-607C2C2BFB3C}
	EndGlobalSection
EndGlobal
